
Microsoft Visual Studio Solution File, Format Version 12.00
# Visual Studio Version 17
VisualStudioVersion = 17.9.34622.214
MinimumVisualStudioVersion = 10.0.40219.1
Project("{8BC9CEB8-8B4A-11D0-8D11-00A0C91BC942}") = "aproksymacja-sredniokwadratowa", "aproksymacja-sredniokwadratowa.vcxproj", "{EB46E986-E755-4874-84E0-D3B83936807B}"
EndProject
Global
	GlobalSection(SolutionConfigurationPlatforms) = preSolution
		Debug|x64 = Debug|x64
		Debug|x86 = Debug|x86
		Release|x64 = Release|x64
		Release|x86 = Release|x86
	EndGlobalSection
	GlobalSection(ProjectConfigurationPlatforms) = postSolution
		{EB46E986-E755-4874-84E0-D3B83936807B}.Debug|x64.ActiveCfg = Debug|x64
		{EB46E986-E755-4874-84E0-D3B83936807B}.Debug|x64.Build.0 = Debug|x64
		{EB46E986-E755-4874-84E0-D3B83936807B}.Debug|x86.ActiveCfg = Debug|Win32
		{EB46E986-E755-4874-84E0-D3B83936807B}.Debug|x86.Build.0 = Debug|Win32
		{EB46E986-E755-4874-84E0-D3B83936807B}.Release|x64.ActiveCfg = Release|x64
		{EB46E986-E755-4874-84E0-D3B83936807B}.Release|x64.Build.0 = Release|x64
		{EB46E986-E755-4874-84E0-D3B83936807B}.Release|x86.ActiveCfg = Release|Win32
		{EB46E986-E755-4874-84E0-D3B83936807B}.Release|x86.Build.0 = Release|Win32
	EndGlobalSection
	GlobalSection(SolutionProperties) = preSolution
		HideSolutionNode = FALSE
	EndGlobalSection
	GlobalSection(ExtensibilityGlobals) = postSolution
		SolutionGuid = {91D6476B-2E85-458B-9EC1-E122579E0EEC}
	EndGlobalSection
EndGlobal
